
Microsoft Visual Studio Solution File, Format Version 12.00
# Visual Studio Version 17
VisualStudioVersion = 17.14.36811.4 d17.14
MinimumVisualStudioVersion = 10.0.40219.1
Project("{FAE04EC0-301F-11D3-BF4B-00C04F79EFBC}") = "QuanLyKhachSan", "QuanLyKhachSan.csproj", "{671B9655-9187-4D70-84BC-1DB320D78829}"
EndProject
Global
	GlobalSection(SolutionConfigurationPlatforms) = preSolution
		Debug|Any CPU = Debug|Any CPU
		Release|Any CPU = Release|Any CPU
	EndGlobalSection
	GlobalSection(ProjectConfigurationPlatforms) = postSolution
		{671B9655-9187-4D70-84BC-1DB320D78829}.Debug|Any CPU.ActiveCfg = Debug|Any CPU
		{671B9655-9187-4D70-84BC-1DB320D78829}.Debug|Any CPU.Build.0 = Debug|Any CPU
		{671B9655-9187-4D70-84BC-1DB320D78829}.Release|Any CPU.ActiveCfg = Release|Any CPU
		{671B9655-9187-4D70-84BC-1DB320D78829}.Release|Any CPU.Build.0 = Release|Any CPU
	EndGlobalSection
	GlobalSection(SolutionProperties) = preSolution
		HideSolutionNode = FALSE
	EndGlobalSection
	GlobalSection(ExtensibilityGlobals) = postSolution
		SolutionGuid = {4A37A697-BFF7-4275-93E3-579D9D2BB3CA}
	EndGlobalSection
EndGlobal
